
Microsoft Visual Studio Solution File, Format Version 12.00
# Visual Studio 15
VisualStudioVersion = 15.0.28307.136
MinimumVisualStudioVersion = 10.0.40219.1
Project("{FAE04EC0-301F-11D3-BF4B-00C04F79EFBC}") = "WebApplication1", "WebApplication1\WebApplication1.csproj", "{D0A3EC6E-85BA-4193-846A-5318A9EBBFD4}"
EndProject
Global
	GlobalSection(SolutionConfigurationPlatforms) = preSolution
		Debug|Any CPU = Debug|Any CPU
		Release|Any CPU = Release|Any CPU
	EndGlobalSection
	GlobalSection(ProjectConfigurationPlatforms) = postSolution
		{D0A3EC6E-85BA-4193-846A-5318A9EBBFD4}.Debug|Any CPU.ActiveCfg = Debug|Any CPU
		{D0A3EC6E-85BA-4193-846A-5318A9EBBFD4}.Debug|Any CPU.Build.0 = Debug|Any CPU
		{D0A3EC6E-85BA-4193-846A-5318A9EBBFD4}.Release|Any CPU.ActiveCfg = Release|Any CPU
		{D0A3EC6E-85BA-4193-846A-5318A9EBBFD4}.Release|Any CPU.Build.0 = Release|Any CPU
	EndGlobalSection
	GlobalSection(SolutionProperties) = preSolution
		HideSolutionNode = FALSE
	EndGlobalSection
	GlobalSection(ExtensibilityGlobals) = postSolution
		SolutionGuid = {2876DBFA-035F-429F-8DD2-9CCC1BE08529}
	EndGlobalSection
	GlobalSection(TeamFoundationVersionControl) = preSolution
		SccNumberOfProjects = 2
		SccEnterpriseProvider = {4CA58AB2-18FA-4F8D-95D4-32DDF27D184C}
		SccTeamFoundationServer = https://technitid.visualstudio.com/
		SccLocalPath0 = .
		SccProjectUniqueName1 = WebApplication1\\WebApplication1.csproj
		SccProjectName1 = WebApplication1
		SccLocalPath1 = WebApplication1
	EndGlobalSection
EndGlobal
