
Microsoft Visual Studio Solution File, Format Version 12.00
# Visual Studio 15
VisualStudioVersion = 15.0.28307.136
MinimumVisualStudioVersion = 10.0.40219.1
Project("{9A19103F-16F7-4668-BE54-9A1E7A4F7556}") = "WebFastReportUsingCoreAngular", "WebFastReportUsingCoreAngular\WebFastReportUsingCoreAngular.csproj", "{A9F111C3-C974-4F8C-AAB0-E92C3DCFA8F1}"
EndProject
Global
	GlobalSection(SolutionConfigurationPlatforms) = preSolution
		Debug|Any CPU = Debug|Any CPU
		Release|Any CPU = Release|Any CPU
	EndGlobalSection
	GlobalSection(ProjectConfigurationPlatforms) = postSolution
		{A9F111C3-C974-4F8C-AAB0-E92C3DCFA8F1}.Debug|Any CPU.ActiveCfg = Debug|Any CPU
		{A9F111C3-C974-4F8C-AAB0-E92C3DCFA8F1}.Debug|Any CPU.Build.0 = Debug|Any CPU
		{A9F111C3-C974-4F8C-AAB0-E92C3DCFA8F1}.Release|Any CPU.ActiveCfg = Release|Any CPU
		{A9F111C3-C974-4F8C-AAB0-E92C3DCFA8F1}.Release|Any CPU.Build.0 = Release|Any CPU
	EndGlobalSection
	GlobalSection(SolutionProperties) = preSolution
		HideSolutionNode = FALSE
	EndGlobalSection
	GlobalSection(ExtensibilityGlobals) = postSolution
		SolutionGuid = {6FD98C2A-DDE0-4FB1-BE56-0F7BE0D5321F}
	EndGlobalSection
	GlobalSection(TeamFoundationVersionControl) = preSolution
		SccNumberOfProjects = 2
		SccEnterpriseProvider = {4CA58AB2-18FA-4F8D-95D4-32DDF27D184C}
		SccTeamFoundationServer = https://technitid.visualstudio.com/
		SccLocalPath0 = .
		SccProjectUniqueName1 = WebFastReportUsingCoreAngular\\WebFastReportUsingCoreAngular.csproj
		SccProjectName1 = WebFastReportUsingCoreAngular
		SccLocalPath1 = WebFastReportUsingCoreAngular
	EndGlobalSection
EndGlobal
