
Microsoft Visual Studio Solution File, Format Version 12.00
# Visual Studio 15
VisualStudioVersion = 15.0.28307.136
MinimumVisualStudioVersion = 10.0.40219.1
Project("{FAE04EC0-301F-11D3-BF4B-00C04F79EFBC}") = "CrystalReportTest", "CrystalReportTest\CrystalReportTest.csproj", "{EFF052A0-46CE-4406-AE24-25B627AEFD97}"
EndProject
Global
	GlobalSection(SolutionConfigurationPlatforms) = preSolution
		Debug|Any CPU = Debug|Any CPU
		Release|Any CPU = Release|Any CPU
	EndGlobalSection
	GlobalSection(ProjectConfigurationPlatforms) = postSolution
		{EFF052A0-46CE-4406-AE24-25B627AEFD97}.Debug|Any CPU.ActiveCfg = Debug|Any CPU
		{EFF052A0-46CE-4406-AE24-25B627AEFD97}.Debug|Any CPU.Build.0 = Debug|Any CPU
		{EFF052A0-46CE-4406-AE24-25B627AEFD97}.Release|Any CPU.ActiveCfg = Release|Any CPU
		{EFF052A0-46CE-4406-AE24-25B627AEFD97}.Release|Any CPU.Build.0 = Release|Any CPU
	EndGlobalSection
	GlobalSection(SolutionProperties) = preSolution
		HideSolutionNode = FALSE
	EndGlobalSection
	GlobalSection(ExtensibilityGlobals) = postSolution
		SolutionGuid = {5692445F-D077-44AD-B3F7-C46E39C91858}
	EndGlobalSection
	GlobalSection(TeamFoundationVersionControl) = preSolution
		SccNumberOfProjects = 2
		SccEnterpriseProvider = {4CA58AB2-18FA-4F8D-95D4-32DDF27D184C}
		SccTeamFoundationServer = https://technitid.visualstudio.com/
		SccLocalPath0 = .
		SccProjectUniqueName1 = CrystalReportTest\\CrystalReportTest.csproj
		SccProjectName1 = CrystalReportTest
		SccLocalPath1 = CrystalReportTest
	EndGlobalSection
EndGlobal
